
Microsoft Visual Studio Solution File, Format Version 12.00
# Visual Studio 15
VisualStudioVersion = 15.0.27428.1
MinimumVisualStudioVersion = 10.0.40219.1
Project("{FAE04EC0-301F-11D3-BF4B-00C04F79EFBC}") = "TAMegaChallengeWar", "TAMegaChallengeWar\TAMegaChallengeWar.csproj", "{A742EB8F-3BA3-4A23-8928-43F8578B5951}"
EndProject
Global
	GlobalSection(SolutionConfigurationPlatforms) = preSolution
		Debug|Any CPU = Debug|Any CPU
		Release|Any CPU = Release|Any CPU
	EndGlobalSection
	GlobalSection(ProjectConfigurationPlatforms) = postSolution
		{A742EB8F-3BA3-4A23-8928-43F8578B5951}.Debug|Any CPU.ActiveCfg = Debug|Any CPU
		{A742EB8F-3BA3-4A23-8928-43F8578B5951}.Debug|Any CPU.Build.0 = Debug|Any CPU
		{A742EB8F-3BA3-4A23-8928-43F8578B5951}.Release|Any CPU.ActiveCfg = Release|Any CPU
		{A742EB8F-3BA3-4A23-8928-43F8578B5951}.Release|Any CPU.Build.0 = Release|Any CPU
	EndGlobalSection
	GlobalSection(SolutionProperties) = preSolution
		HideSolutionNode = FALSE
	EndGlobalSection
	GlobalSection(ExtensibilityGlobals) = postSolution
		SolutionGuid = {54964434-A267-480C-96C2-66EF1FCD48A1}
	EndGlobalSection
EndGlobal
